
Microsoft Visual Studio Solution File, Format Version 12.00
# Visual Studio Version 17
VisualStudioVersion = 17.8.34316.72
MinimumVisualStudioVersion = 10.0.40219.1
Project("{FAE04EC0-301F-11D3-BF4B-00C04F79EFBC}") = "TJC.MVVM", "TJC.MVVM\TJC.MVVM.csproj", "{58C1D55A-6042-4838-B949-0269859B1E12}"
EndProject
Project("{FAE04EC0-301F-11D3-BF4B-00C04F79EFBC}") = "TJC.MVVM.Tests", "TJC.MVVM.Tests\TJC.MVVM.Tests.csproj", "{655FC3A0-FDDB-4860-A278-48BFA48BF2CB}"
EndProject
Global
	GlobalSection(SolutionConfigurationPlatforms) = preSolution
		Debug|Any CPU = Debug|Any CPU
		Release|Any CPU = Release|Any CPU
	EndGlobalSection
	GlobalSection(ProjectConfigurationPlatforms) = postSolution
		{58C1D55A-6042-4838-B949-0269859B1E12}.Debug|Any CPU.ActiveCfg = Debug|Any CPU
		{58C1D55A-6042-4838-B949-0269859B1E12}.Debug|Any CPU.Build.0 = Debug|Any CPU
		{58C1D55A-6042-4838-B949-0269859B1E12}.Release|Any CPU.ActiveCfg = Release|Any CPU
		{58C1D55A-6042-4838-B949-0269859B1E12}.Release|Any CPU.Build.0 = Release|Any CPU
		{655FC3A0-FDDB-4860-A278-48BFA48BF2CB}.Debug|Any CPU.ActiveCfg = Debug|Any CPU
		{655FC3A0-FDDB-4860-A278-48BFA48BF2CB}.Debug|Any CPU.Build.0 = Debug|Any CPU
		{655FC3A0-FDDB-4860-A278-48BFA48BF2CB}.Release|Any CPU.ActiveCfg = Release|Any CPU
		{655FC3A0-FDDB-4860-A278-48BFA48BF2CB}.Release|Any CPU.Build.0 = Release|Any CPU
	EndGlobalSection
	GlobalSection(SolutionProperties) = preSolution
		HideSolutionNode = FALSE
	EndGlobalSection
	GlobalSection(ExtensibilityGlobals) = postSolution
		SolutionGuid = {4AF3D6C9-8B60-4598-AAD5-F1334D23C3C9}
	EndGlobalSection
EndGlobal
